
Microsoft Visual Studio Solution File, Format Version 12.00
# Visual Studio Version 16
VisualStudioVersion = 16.0.29326.143
MinimumVisualStudioVersion = 10.0.40219.1
Project("{FAE04EC0-301F-11D3-BF4B-00C04F79EFBC}") = "AnnoFCConverter", "AnnoFCConverter\AnnoFCConverter.csproj", "{BCB66FC0-01B3-4A35-8D58-A5E0413014C4}"
EndProject
Global
	GlobalSection(SolutionConfigurationPlatforms) = preSolution
		Debug|Any CPU = Debug|Any CPU
		Release|Any CPU = Release|Any CPU
	EndGlobalSection
	GlobalSection(ProjectConfigurationPlatforms) = postSolution
		{BCB66FC0-01B3-4A35-8D58-A5E0413014C4}.Debug|Any CPU.ActiveCfg = Debug|Any CPU
		{BCB66FC0-01B3-4A35-8D58-A5E0413014C4}.Debug|Any CPU.Build.0 = Debug|Any CPU
		{BCB66FC0-01B3-4A35-8D58-A5E0413014C4}.Release|Any CPU.ActiveCfg = Release|Any CPU
		{BCB66FC0-01B3-4A35-8D58-A5E0413014C4}.Release|Any CPU.Build.0 = Release|Any CPU
	EndGlobalSection
	GlobalSection(SolutionProperties) = preSolution
		HideSolutionNode = FALSE
	EndGlobalSection
	GlobalSection(ExtensibilityGlobals) = postSolution
		SolutionGuid = {91A39F1C-767B-4D4C-BBEB-E0A185FCD1F4}
	EndGlobalSection
EndGlobal
